
Microsoft Visual Studio Solution File, Format Version 12.00
# Visual Studio Version 17
VisualStudioVersion = 17.2.32526.322
MinimumVisualStudioVersion = 10.0.40219.1
Project("{FAE04EC0-301F-11D3-BF4B-00C04F79EFBC}") = "GuessMyNumberGame", "GuessMyNumberGame\GuessMyNumberGame.csproj", "{BB19B6C7-0934-4406-84FA-EE7BDB1A2E5B}"
EndProject
Global
	GlobalSection(SolutionConfigurationPlatforms) = preSolution
		Debug|Any CPU = Debug|Any CPU
		Release|Any CPU = Release|Any CPU
	EndGlobalSection
	GlobalSection(ProjectConfigurationPlatforms) = postSolution
		{BB19B6C7-0934-4406-84FA-EE7BDB1A2E5B}.Debug|Any CPU.ActiveCfg = Debug|Any CPU
		{BB19B6C7-0934-4406-84FA-EE7BDB1A2E5B}.Debug|Any CPU.Build.0 = Debug|Any CPU
		{BB19B6C7-0934-4406-84FA-EE7BDB1A2E5B}.Release|Any CPU.ActiveCfg = Release|Any CPU
		{BB19B6C7-0934-4406-84FA-EE7BDB1A2E5B}.Release|Any CPU.Build.0 = Release|Any CPU
	EndGlobalSection
	GlobalSection(SolutionProperties) = preSolution
		HideSolutionNode = FALSE
	EndGlobalSection
	GlobalSection(ExtensibilityGlobals) = postSolution
		SolutionGuid = {1098B1F3-ECFF-4B93-B911-0F4997F38F0A}
	EndGlobalSection
EndGlobal
